# THIS IS AN AUTOGENERATED FILE. DO NOT EDIT THIS FILE DIRECTLY.
# yarn lockfile v1


"@babel/runtime@^7.7.6":
  version "7.28.4"
  resolved "https://registry.yarnpkg.com/@babel/runtime/-/runtime-7.28.4.tgz#a70226016fabe25c5783b2f22d3e1c9bc5ca3326"
  integrity sha512-Q/N6JNWvIvPnLDvjlE1OUBLPQHH6l3CltCEsHIujp45zQUSSh8K+gHnaEX45yAT1nyngnINhvWtzN+Nb9D8RAQ==

"@esbuild/aix-ppc64@0.27.1":
  version "0.27.1"
  resolved "https://registry.yarnpkg.com/@esbuild/aix-ppc64/-/aix-ppc64-0.27.1.tgz#116edcd62c639ed8ab551e57b38251bb28384de4"
  integrity sha512-HHB50pdsBX6k47S4u5g/CaLjqS3qwaOVE5ILsq64jyzgMhLuCuZ8rGzM9yhsAjfjkbgUPMzZEPa7DAp7yz6vuA==

"@esbuild/android-arm64@0.27.1":
  version "0.27.1"
  resolved "https://registry.yarnpkg.com/@esbuild/android-arm64/-/android-arm64-0.27.1.tgz#31c00d864c80f6de1900a11de8a506dbfbb27349"
  integrity sha512-45fuKmAJpxnQWixOGCrS+ro4Uvb4Re9+UTieUY2f8AEc+t7d4AaZ6eUJ3Hva7dtrxAAWHtlEFsXFMAgNnGU9uQ==

"@esbuild/android-arm@0.27.1":
  version "0.27.1"
  resolved "https://registry.yarnpkg.com/@esbuild/android-arm/-/android-arm-0.27.1.tgz#d2b73ab0ba894923a1d1378fd4b15cc20985f436"
  integrity sha512-kFqa6/UcaTbGm/NncN9kzVOODjhZW8e+FRdSeypWe6j33gzclHtwlANs26JrupOntlcWmB0u8+8HZo8s7thHvg==

"@esbuild/android-x64@0.27.1":
  version "0.27.1"
  resolved "https://registry.yarnpkg.com/@esbuild/android-x64/-/android-x64-0.27.1.tgz#d9f74d8278191317250cfe0c15a13f410540b122"
  integrity sha512-LBEpOz0BsgMEeHgenf5aqmn/lLNTFXVfoWMUox8CtWWYK9X4jmQzWjoGoNb8lmAYml/tQ/Ysvm8q7szu7BoxRQ==

"@esbuild/darwin-arm64@0.27.1":
  version "0.27.1"
  resolved "https://registry.yarnpkg.com/@esbuild/darwin-arm64/-/darwin-arm64-0.27.1.tgz#baf6914b8c57ed9d41f9de54023aa3ff9b084680"
  integrity sha512-veg7fL8eMSCVKL7IW4pxb54QERtedFDfY/ASrumK/SbFsXnRazxY4YykN/THYqFnFwJ0aVjiUrVG2PwcdAEqQQ==

"@esbuild/darwin-x64@0.27.1":
  version "0.27.1"
  resolved "https://registry.yarnpkg.com/@esbuild/darwin-x64/-/darwin-x64-0.27.1.tgz#64e37400795f780a76c858a118ff19681a64b4e0"
  integrity sha512-+3ELd+nTzhfWb07Vol7EZ+5PTbJ/u74nC6iv4/lwIU99Ip5uuY6QoIf0Hn4m2HoV0qcnRivN3KSqc+FyCHjoVQ==

"@esbuild/freebsd-arm64@0.27.1":
  version "0.27.1"
  resolved "https://registry.yarnpkg.com/@esbuild/freebsd-arm64/-/freebsd-arm64-0.27.1.tgz#6572f2f235933eee906e070dfaae54488ee60acd"
  integrity sha512-/8Rfgns4XD9XOSXlzUDepG8PX+AVWHliYlUkFI3K3GB6tqbdjYqdhcb4BKRd7C0BhZSoaCxhv8kTcBrcZWP+xg==

"@esbuild/freebsd-x64@0.27.1":
  version "0.27.1"
  resolved "https://registry.yarnpkg.com/@esbuild/freebsd-x64/-/freebsd-x64-0.27.1.tgz#83105dba9cf6ac4f44336799446d7f75c8c3a1e1"
  integrity sha512-GITpD8dK9C+r+5yRT/UKVT36h/DQLOHdwGVwwoHidlnA168oD3uxA878XloXebK4Ul3gDBBIvEdL7go9gCUFzQ==

"@esbuild/linux-arm64@0.27.1":
  version "0.27.1"
  resolved "https://registry.yarnpkg.com/@esbuild/linux-arm64/-/linux-arm64-0.27.1.tgz#035ff647d4498bdf16eb2d82801f73b366477dfa"
  integrity sha512-W9//kCrh/6in9rWIBdKaMtuTTzNj6jSeG/haWBADqLLa9P8O5YSRDzgD5y9QBok4AYlzS6ARHifAb75V6G670Q==

"@esbuild/linux-arm@0.27.1":
  version "0.27.1"
  resolved "https://registry.yarnpkg.com/@esbuild/linux-arm/-/linux-arm-0.27.1.tgz#3516c74d2afbe305582dbb546d60f7978a8ece7f"
  integrity sha512-ieMID0JRZY/ZeCrsFQ3Y3NlHNCqIhTprJfDgSB3/lv5jJZ8FX3hqPyXWhe+gvS5ARMBJ242PM+VNz/ctNj//eA==

"@esbuild/linux-ia32@0.27.1":
  version "0.27.1"
  resolved "https://registry.yarnpkg.com/@esbuild/linux-ia32/-/linux-ia32-0.27.1.tgz#788db5db8ecd3d75dd41c42de0fe8f1fd967a4a7"
  integrity sha512-VIUV4z8GD8rtSVMfAj1aXFahsi/+tcoXXNYmXgzISL+KB381vbSTNdeZHHHIYqFyXcoEhu9n5cT+05tRv13rlw==

"@esbuild/linux-loong64@0.27.1":
  version "0.27.1"
  resolved "https://registry.yarnpkg.com/@esbuild/linux-loong64/-/linux-loong64-0.27.1.tgz#8211f08b146916a6302ec2b8f87ec0cc4b62c49e"
  integrity sha512-l4rfiiJRN7sTNI//ff65zJ9z8U+k6zcCg0LALU5iEWzY+a1mVZ8iWC1k5EsNKThZ7XCQ6YWtsZ8EWYm7r1UEsg==

"@esbuild/linux-mips64el@0.27.1":
  version "0.27.1"
  resolved "https://registry.yarnpkg.com/@esbuild/linux-mips64el/-/linux-mips64el-0.27.1.tgz#cc58586ea83b3f171e727a624e7883a1c3eb4c04"
  integrity sha512-U0bEuAOLvO/DWFdygTHWY8C067FXz+UbzKgxYhXC0fDieFa0kDIra1FAhsAARRJbvEyso8aAqvPdNxzWuStBnA==

"@esbuild/linux-ppc64@0.27.1":
  version "0.27.1"
  resolved "https://registry.yarnpkg.com/@esbuild/linux-ppc64/-/linux-ppc64-0.27.1.tgz#632477bbd98175cf8e53a7c9952d17fb2d6d4115"
  integrity sha512-NzdQ/Xwu6vPSf/GkdmRNsOfIeSGnh7muundsWItmBsVpMoNPVpM61qNzAVY3pZ1glzzAxLR40UyYM23eaDDbYQ==

"@esbuild/linux-riscv64@0.27.1":
  version "0.27.1"
  resolved "https://registry.yarnpkg.com/@esbuild/linux-riscv64/-/linux-riscv64-0.27.1.tgz#35435a82435a8a750edf433b83ac0d10239ac3fe"
  integrity sha512-7zlw8p3IApcsN7mFw0O1Z1PyEk6PlKMu18roImfl3iQHTnr/yAfYv6s4hXPidbDoI2Q0pW+5xeoM4eTCC0UdrQ==

"@esbuild/linux-s390x@0.27.1":
  version "0.27.1"
  resolved "https://registry.yarnpkg.com/@esbuild/linux-s390x/-/linux-s390x-0.27.1.tgz#172edd7086438edacd86c0e2ea25ac9dbb62aac5"
  integrity sha512-cGj5wli+G+nkVQdZo3+7FDKC25Uh4ZVwOAK6A06Hsvgr8WqBBuOy/1s+PUEd/6Je+vjfm6stX0kmib5b/O2Ykw==

"@esbuild/linux-x64@0.27.1":
  version "0.27.1"
  resolved "https://registry.yarnpkg.com/@esbuild/linux-x64/-/linux-x64-0.27.1.tgz#09c771de9e2d8169d5969adf298ae21581f08c7f"
  integrity sha512-z3H/HYI9MM0HTv3hQZ81f+AKb+yEoCRlUby1F80vbQ5XdzEMyY/9iNlAmhqiBKw4MJXwfgsh7ERGEOhrM1niMA==

"@esbuild/netbsd-arm64@0.27.1":
  version "0.27.1"
  resolved "https://registry.yarnpkg.com/@esbuild/netbsd-arm64/-/netbsd-arm64-0.27.1.tgz#475ac0ce7edf109a358b1669f67759de4bcbb7c4"
  integrity sha512-wzC24DxAvk8Em01YmVXyjl96Mr+ecTPyOuADAvjGg+fyBpGmxmcr2E5ttf7Im8D0sXZihpxzO1isus8MdjMCXQ==

"@esbuild/netbsd-x64@0.27.1":
  version "0.27.1"
  resolved "https://registry.yarnpkg.com/@esbuild/netbsd-x64/-/netbsd-x64-0.27.1.tgz#3c31603d592477dc43b63df1ae100000f7fb59d7"
  integrity sha512-1YQ8ybGi2yIXswu6eNzJsrYIGFpnlzEWRl6iR5gMgmsrR0FcNoV1m9k9sc3PuP5rUBLshOZylc9nqSgymI+TYg==

"@esbuild/openbsd-arm64@0.27.1":
  version "0.27.1"
  resolved "https://registry.yarnpkg.com/@esbuild/openbsd-arm64/-/openbsd-arm64-0.27.1.tgz#482067c847665b10d66431e936d4bc5fa8025abf"
  integrity sha512-5Z+DzLCrq5wmU7RDaMDe2DVXMRm2tTDvX2KU14JJVBN2CT/qov7XVix85QoJqHltpvAOZUAc3ndU56HSMWrv8g==

"@esbuild/openbsd-x64@0.27.1":
  version "0.27.1"
  resolved "https://registry.yarnpkg.com/@esbuild/openbsd-x64/-/openbsd-x64-0.27.1.tgz#687a188c2b184e5b671c5f74a6cd6247c0718c52"
  integrity sha512-Q73ENzIdPF5jap4wqLtsfh8YbYSZ8Q0wnxplOlZUOyZy7B4ZKW8DXGWgTCZmF8VWD7Tciwv5F4NsRf6vYlZtqg==

"@esbuild/openharmony-arm64@0.27.1":
  version "0.27.1"
  resolved "https://registry.yarnpkg.com/@esbuild/openharmony-arm64/-/openharmony-arm64-0.27.1.tgz#9929ee7fa8c1db2f33ef4d86198018dac9c1744f"
  integrity sha512-ajbHrGM/XiK+sXM0JzEbJAen+0E+JMQZ2l4RR4VFwvV9JEERx+oxtgkpoKv1SevhjavK2z2ReHk32pjzktWbGg==

"@esbuild/sunos-x64@0.27.1":
  version "0.27.1"
  resolved "https://registry.yarnpkg.com/@esbuild/sunos-x64/-/sunos-x64-0.27.1.tgz#94071a146f313e7394c6424af07b2b564f1f994d"
  integrity sha512-IPUW+y4VIjuDVn+OMzHc5FV4GubIwPnsz6ubkvN8cuhEqH81NovB53IUlrlBkPMEPxvNnf79MGBoz8rZ2iW8HA==

"@esbuild/win32-arm64@0.27.1":
  version "0.27.1"
  resolved "https://registry.yarnpkg.com/@esbuild/win32-arm64/-/win32-arm64-0.27.1.tgz#869fde72a3576fdf48824085d05493fceebe395d"
  integrity sha512-RIVRWiljWA6CdVu8zkWcRmGP7iRRIIwvhDKem8UMBjPql2TXM5PkDVvvrzMtj1V+WFPB4K7zkIGM7VzRtFkjdg==

"@esbuild/win32-ia32@0.27.1":
  version "0.27.1"
  resolved "https://registry.yarnpkg.com/@esbuild/win32-ia32/-/win32-ia32-0.27.1.tgz#31d7585893ed7b54483d0b8d87a4bfeba0ecfff5"
  integrity sha512-2BR5M8CPbptC1AK5JbJT1fWrHLvejwZidKx3UMSF0ecHMa+smhi16drIrCEggkgviBwLYd5nwrFLSl5Kho96RQ==

"@esbuild/win32-x64@0.27.1":
  version "0.27.1"
  resolved "https://registry.yarnpkg.com/@esbuild/win32-x64/-/win32-x64-0.27.1.tgz#5efe5a112938b1180e98c76685ff9185cfa4f16e"
  integrity sha512-d5X6RMYv6taIymSk8JBP+nxv8DQAMY6A51GPgusqLdK9wBz5wWIXy1KjTck6HnjE9hqJzJRdk+1p/t5soSbCtw==

"@rails/actioncable@^8.1.100":
  version "8.1.100"
  resolved "https://registry.yarnpkg.com/@rails/actioncable/-/actioncable-8.1.100.tgz#b1f85f3482425fb91e5eba1deb55152ee0bb2f85"
  integrity sha512-j4vJQqz51CDVYv2UafKRu4jiZi5/gTnm7NkyL+VMIgEw3s8jtVtmzu9uItUaZccUg9NJ6o05yVyBAHxNfTuCRA==

"@reduxjs/toolkit@^2.10.1":
  version "2.10.1"
  resolved "https://registry.yarnpkg.com/@reduxjs/toolkit/-/toolkit-2.10.1.tgz#b3b9da21335eea409d3498544bcaf83b481a0195"
  integrity sha512-/U17EXQ9Do9Yx4DlNGU6eVNfZvFJfYpUtRRdLf19PbPjdWBxNlxGZXywQZ1p1Nz8nMkWplTI7iD/23m07nolDA==
  dependencies:
    "@standard-schema/spec" "^1.0.0"
    "@standard-schema/utils" "^0.3.0"
    immer "^10.2.0"
    redux "^5.0.1"
    redux-thunk "^3.1.0"
    reselect "^5.1.0"

"@standard-schema/spec@^1.0.0":
  version "1.0.0"
  resolved "https://registry.yarnpkg.com/@standard-schema/spec/-/spec-1.0.0.tgz#f193b73dc316c4170f2e82a881da0f550d551b9c"
  integrity sha512-m2bOd0f2RT9k8QJx1JN85cZYyH1RqFBdlwtkSlf4tBDYLCiiZnv1fIIwacK6cqwXavOydf0NPToMQgpKq+dVlA==

"@standard-schema/utils@^0.3.0":
  version "0.3.0"
  resolved "https://registry.yarnpkg.com/@standard-schema/utils/-/utils-0.3.0.tgz#3d5e608f16c2390c10528e98e59aef6bf73cae7b"
  integrity sha512-e7Mew686owMaPJVNNLs55PUvgz371nKgwsc4vxE49zsODpJEnxgxRo2y/OKrqueavXgZNMDVj3DdHFlaSAeU8g==

"@thoughtbot/superglue@^1.0.3":
  version "1.0.3"
  resolved "https://registry.yarnpkg.com/@thoughtbot/superglue/-/superglue-1.0.3.tgz#6509f6380b8995e86ca4bb00c9cfe1571a059eda"
  integrity sha512-RQCxf4IcdQfLcVLiRHrKEngTL3WcSzIOz0ESx9K9YmLW+28e1cbDIDtf7Oqs2k1UY6k7cxfNiYeULNYFXREmSQ==
  dependencies:
    history "^5.3.0"

"@types/use-sync-external-store@^0.0.6":
  version "0.0.6"
  resolved "https://registry.yarnpkg.com/@types/use-sync-external-store/-/use-sync-external-store-0.0.6.tgz#60be8d21baab8c305132eb9cb912ed497852aadc"
  integrity sha512-zFDAD+tlpf2r4asuHEj0XH6pY6i0g5NeAHPn+15wk3BV6JA69eERFXC1gyGThDkVa1zCyKr5jox1+2LbV/AMLg==

esbuild@^0.27.1:
  version "0.27.1"
  resolved "https://registry.yarnpkg.com/esbuild/-/esbuild-0.27.1.tgz#56bf43e6a4b4d2004642ec7c091b78de02b0831a"
  integrity sha512-yY35KZckJJuVVPXpvjgxiCuVEJT67F6zDeVTv4rizyPrfGBUpZQsvmxnN+C371c2esD/hNMjj4tpBhuueLN7aA==
  optionalDependencies:
    "@esbuild/aix-ppc64" "0.27.1"
    "@esbuild/android-arm" "0.27.1"
    "@esbuild/android-arm64" "0.27.1"
    "@esbuild/android-x64" "0.27.1"
    "@esbuild/darwin-arm64" "0.27.1"
    "@esbuild/darwin-x64" "0.27.1"
    "@esbuild/freebsd-arm64" "0.27.1"
    "@esbuild/freebsd-x64" "0.27.1"
    "@esbuild/linux-arm" "0.27.1"
    "@esbuild/linux-arm64" "0.27.1"
    "@esbuild/linux-ia32" "0.27.1"
    "@esbuild/linux-loong64" "0.27.1"
    "@esbuild/linux-mips64el" "0.27.1"
    "@esbuild/linux-ppc64" "0.27.1"
    "@esbuild/linux-riscv64" "0.27.1"
    "@esbuild/linux-s390x" "0.27.1"
    "@esbuild/linux-x64" "0.27.1"
    "@esbuild/netbsd-arm64" "0.27.1"
    "@esbuild/netbsd-x64" "0.27.1"
    "@esbuild/openbsd-arm64" "0.27.1"
    "@esbuild/openbsd-x64" "0.27.1"
    "@esbuild/openharmony-arm64" "0.27.1"
    "@esbuild/sunos-x64" "0.27.1"
    "@esbuild/win32-arm64" "0.27.1"
    "@esbuild/win32-ia32" "0.27.1"
    "@esbuild/win32-x64" "0.27.1"

history@^5.3.0:
  version "5.3.0"
  resolved "https://registry.yarnpkg.com/history/-/history-5.3.0.tgz#1548abaa245ba47992f063a0783db91ef201c73b"
  integrity sha512-ZqaKwjjrAYUYfLG+htGaIIZ4nioX2L70ZUMIFysS3xvBsSG4x/n1V6TXV3N8ZYNuFGlDirFg32T7B6WOUPDYcQ==
  dependencies:
    "@babel/runtime" "^7.7.6"

immer@^10.2.0:
  version "10.2.0"
  resolved "https://registry.yarnpkg.com/immer/-/immer-10.2.0.tgz#88a4ce06a1af64172d254b70f7cb04df51c871b1"
  integrity sha512-d/+XTN3zfODyjr89gM3mPq1WNX2B8pYsu7eORitdwyA2sBubnTl3laYlBk4sXY5FUa5qTZGBDPJICVbvqzjlbw==

react-dom@^19.2.0:
  version "19.2.0"
  resolved "https://registry.yarnpkg.com/react-dom/-/react-dom-19.2.0.tgz#00ed1e959c365e9a9d48f8918377465466ec3af8"
  integrity sha512-UlbRu4cAiGaIewkPyiRGJk0imDN2T3JjieT6spoL2UeSf5od4n5LB/mQ4ejmxhCFT1tYe8IvaFulzynWovsEFQ==
  dependencies:
    scheduler "^0.27.0"

react-redux@^9.2.0:
  version "9.2.0"
  resolved "https://registry.yarnpkg.com/react-redux/-/react-redux-9.2.0.tgz#96c3ab23fb9a3af2cb4654be4b51c989e32366f5"
  integrity sha512-ROY9fvHhwOD9ySfrF0wmvu//bKCQ6AeZZq1nJNtbDC+kk5DuSuNX/n6YWYF/SYy7bSba4D4FSz8DJeKY/S/r+g==
  dependencies:
    "@types/use-sync-external-store" "^0.0.6"
    use-sync-external-store "^1.4.0"

react@^19.2.0:
  version "19.2.0"
  resolved "https://registry.yarnpkg.com/react/-/react-19.2.0.tgz#d33dd1721698f4376ae57a54098cb47fc75d93a5"
  integrity sha512-tmbWg6W31tQLeB5cdIBOicJDJRR2KzXsV7uSK9iNfLWQ5bIZfxuPEHp7M8wiHyHnn0DD1i7w3Zmin0FtkrwoCQ==

redux-thunk@^3.1.0:
  version "3.1.0"
  resolved "https://registry.yarnpkg.com/redux-thunk/-/redux-thunk-3.1.0.tgz#94aa6e04977c30e14e892eae84978c1af6058ff3"
  integrity sha512-NW2r5T6ksUKXCabzhL9z+h206HQw/NJkcLm1GPImRQ8IzfXwRGqjVhKJGauHirT0DAuyy6hjdnMZaRoAcy0Klw==

redux@^5.0.1:
  version "5.0.1"
  resolved "https://registry.yarnpkg.com/redux/-/redux-5.0.1.tgz#97fa26881ce5746500125585d5642c77b6e9447b"
  integrity sha512-M9/ELqF6fy8FwmkpnF0S3YKOqMyoWJ4+CS5Efg2ct3oY9daQvd/Pc71FpGZsVsbl3Cpb+IIcjBDUnnyBdQbq4w==

reselect@^5.1.0:
  version "5.1.1"
  resolved "https://registry.yarnpkg.com/reselect/-/reselect-5.1.1.tgz#c766b1eb5d558291e5e550298adb0becc24bb72e"
  integrity sha512-K/BG6eIky/SBpzfHZv/dd+9JBFiS4SWV7FIujVyJRux6e45+73RaUHXLmIR1f7WOMaQ0U1km6qwklRQxpJJY0w==

scheduler@^0.27.0:
  version "0.27.0"
  resolved "https://registry.yarnpkg.com/scheduler/-/scheduler-0.27.0.tgz#0c4ef82d67d1e5c1e359e8fc76d3a87f045fe5bd"
  integrity sha512-eNv+WrVbKu1f3vbYJT/xtiF5syA5HPIMtf9IgY/nKg0sWqzAUEvqY/xm7OcZc/qafLx/iO9FgOmeSAp4v5ti/Q==

use-sync-external-store@^1.4.0:
  version "1.6.0"
  resolved "https://registry.yarnpkg.com/use-sync-external-store/-/use-sync-external-store-1.6.0.tgz#b174bfa65cb2b526732d9f2ac0a408027876f32d"
  integrity sha512-Pp6GSwGP/NrPIrxVFAIkOQeyw8lFenOHijQWkUTrDvrF4ALqylP2C/KCkeS9dpUM3KvYRQhna5vt7IL95+ZQ9w==
